
Microsoft Visual Studio Solution File, Format Version 12.00
# Visual Studio Version 16
VisualStudioVersion = 16.0.30611.23
MinimumVisualStudioVersion = 10.0.40219.1
Project("{FAE04EC0-301F-11D3-BF4B-00C04F79EFBC}") = "WpfApp3", "WpfApp3\WpfApp3.csproj", "{33F70D75-D747-4254-902E-F762AE26F0A4}"
EndProject
Global
	GlobalSection(SolutionConfigurationPlatforms) = preSolution
		Debug|Any CPU = Debug|Any CPU
		Release|Any CPU = Release|Any CPU
	EndGlobalSection
	GlobalSection(ProjectConfigurationPlatforms) = postSolution
		{33F70D75-D747-4254-902E-F762AE26F0A4}.Debug|Any CPU.ActiveCfg = Debug|Any CPU
		{33F70D75-D747-4254-902E-F762AE26F0A4}.Debug|Any CPU.Build.0 = Debug|Any CPU
		{33F70D75-D747-4254-902E-F762AE26F0A4}.Release|Any CPU.ActiveCfg = Release|Any CPU
		{33F70D75-D747-4254-902E-F762AE26F0A4}.Release|Any CPU.Build.0 = Release|Any CPU
	EndGlobalSection
	GlobalSection(SolutionProperties) = preSolution
		HideSolutionNode = FALSE
	EndGlobalSection
	GlobalSection(ExtensibilityGlobals) = postSolution
		SolutionGuid = {2B54CD8F-C87D-471A-9E5E-2C1287AFCC69}
	EndGlobalSection
EndGlobal
